
Microsoft Visual Studio Solution File, Format Version 12.00
# Visual Studio 15
VisualStudioVersion = 15.0.27130.2024
MinimumVisualStudioVersion = 10.0.40219.1
Project("{FAE04EC0-301F-11D3-BF4B-00C04F79EFBC}") = "TestMySqlParser", "TestMySqlParser\TestMySqlParser.csproj", "{01E9D47B-ADCD-4C2E-B2DC-0877494AF69A}"
EndProject
Global
	GlobalSection(SolutionConfigurationPlatforms) = preSolution
		Debug|Any CPU = Debug|Any CPU
		Release|Any CPU = Release|Any CPU
	EndGlobalSection
	GlobalSection(ProjectConfigurationPlatforms) = postSolution
		{01E9D47B-ADCD-4C2E-B2DC-0877494AF69A}.Debug|Any CPU.ActiveCfg = Debug|Any CPU
		{01E9D47B-ADCD-4C2E-B2DC-0877494AF69A}.Debug|Any CPU.Build.0 = Debug|Any CPU
		{01E9D47B-ADCD-4C2E-B2DC-0877494AF69A}.Release|Any CPU.ActiveCfg = Release|Any CPU
		{01E9D47B-ADCD-4C2E-B2DC-0877494AF69A}.Release|Any CPU.Build.0 = Release|Any CPU
	EndGlobalSection
	GlobalSection(SolutionProperties) = preSolution
		HideSolutionNode = FALSE
	EndGlobalSection
	GlobalSection(ExtensibilityGlobals) = postSolution
		SolutionGuid = {4A0A4B6C-5FD1-40A0-8BE3-371A7D281818}
	EndGlobalSection
EndGlobal
