
Microsoft Visual Studio Solution File, Format Version 12.00
# Visual Studio 15
VisualStudioVersion = 15.0.26730.12
MinimumVisualStudioVersion = 10.0.40219.1
Project("{FAE04EC0-301F-11D3-BF4B-00C04F79EFBC}") = "TestMySqlClientNet20", "tests\TestMySqlClientNet20\TestMySqlClientNet20.csproj", "{4C9B28FE-9C9E-4CA3-9D23-4861BFDDA1E5}"
EndProject
Project("{FAE04EC0-301F-11D3-BF4B-00C04F79EFBC}") = "SharpConnect.MySql", "src\SharpConnect.MySql.Net20\SharpConnect.MySql.csproj", "{94D01EDE-0499-422F-8081-90D94AD163FA}"
EndProject
Project("{FAE04EC0-301F-11D3-BF4B-00C04F79EFBC}") = "SharpConnect.Data", "..\SharpConnect.Data\src\SharpConnect.Data\SharpConnect.Data.csproj", "{9AFB3F52-D37D-4FBA-AC0D-76D95AE956B0}"
EndProject
Project("{FAE04EC0-301F-11D3-BF4B-00C04F79EFBC}") = "SharpConnect.Data.Meltable", "..\SharpConnect.Data\src\SharpConnect.Data.Meltable\SharpConnect.Data.Meltable.csproj", "{E52375F0-9DCB-42D9-A555-5C47C1AF4E3B}"
EndProject
Project("{FAE04EC0-301F-11D3-BF4B-00C04F79EFBC}") = "SharpConnect.MySql.Net45", "src\SharpConnect.MySql.Net45\SharpConnect.MySql.Net45.csproj", "{C783E6EA-145D-4E5A-81C7-61FAF2D81DF4}"
EndProject
Project("{9A19103F-16F7-4668-BE54-9A1E7A4F7556}") = "SharpConnect.MySql.NetStandard", "src\SharpConnect.MySql.NetStandard\SharpConnect.MySql.NetStandard.csproj", "{66295232-5DD8-4FC7-A01B-3896F60E0631}"
EndProject
Project("{9A19103F-16F7-4668-BE54-9A1E7A4F7556}") = "SharpConnect.MySql.NetCore", "src\SharpConnect.MySql.NetCore\SharpConnect.MySql.NetCore.csproj", "{7E4BEA58-7461-44EC-8437-A811FBCB9622}"
EndProject
Project("{FAE04EC0-301F-11D3-BF4B-00C04F79EFBC}") = "TestMySqlClientNet45", "tests\TestMySqlClientNet45\TestMySqlClientNet45.csproj", "{8CF48690-E585-4444-9D22-4375D839CF36}"
EndProject
Project("{FAE04EC0-301F-11D3-BF4B-00C04F79EFBC}") = "SharpConnect.MySql.Utils", "src\SharpConnect.MySql.Utils\SharpConnect.MySql.Utils.csproj", "{513BE02F-13B1-40B8-AB63-103FB0958953}"
EndProject
Project("{9A19103F-16F7-4668-BE54-9A1E7A4F7556}") = "TestMySqlClientNetCore", "tests\TestMySqlClientNetCore\TestMySqlClientNetCore.csproj", "{43D6B245-59A9-4AA5-957F-13EE3FACD23D}"
EndProject
Global
	GlobalSection(SolutionConfigurationPlatforms) = preSolution
		Debug|Any CPU = Debug|Any CPU
		Debug|x86 = Debug|x86
		Release|Any CPU = Release|Any CPU
		Release|x86 = Release|x86
		x86|Any CPU = x86|Any CPU
		x86|x86 = x86|x86
	EndGlobalSection
	GlobalSection(ProjectConfigurationPlatforms) = postSolution
		{4C9B28FE-9C9E-4CA3-9D23-4861BFDDA1E5}.Debug|Any CPU.ActiveCfg = Debug|Any CPU
		{4C9B28FE-9C9E-4CA3-9D23-4861BFDDA1E5}.Debug|Any CPU.Build.0 = Debug|Any CPU
		{4C9B28FE-9C9E-4CA3-9D23-4861BFDDA1E5}.Debug|x86.ActiveCfg = Debug|Any CPU
		{4C9B28FE-9C9E-4CA3-9D23-4861BFDDA1E5}.Release|Any CPU.ActiveCfg = Release|Any CPU
		{4C9B28FE-9C9E-4CA3-9D23-4861BFDDA1E5}.Release|Any CPU.Build.0 = Release|Any CPU
		{4C9B28FE-9C9E-4CA3-9D23-4861BFDDA1E5}.Release|x86.ActiveCfg = Release|Any CPU
		{4C9B28FE-9C9E-4CA3-9D23-4861BFDDA1E5}.x86|Any CPU.ActiveCfg = Release|Any CPU
		{4C9B28FE-9C9E-4CA3-9D23-4861BFDDA1E5}.x86|Any CPU.Build.0 = Release|Any CPU
		{4C9B28FE-9C9E-4CA3-9D23-4861BFDDA1E5}.x86|x86.ActiveCfg = Release|Any CPU
		{94D01EDE-0499-422F-8081-90D94AD163FA}.Debug|Any CPU.ActiveCfg = Debug|Any CPU
		{94D01EDE-0499-422F-8081-90D94AD163FA}.Debug|Any CPU.Build.0 = Debug|Any CPU
		{94D01EDE-0499-422F-8081-90D94AD163FA}.Debug|x86.ActiveCfg = Debug|x86
		{94D01EDE-0499-422F-8081-90D94AD163FA}.Debug|x86.Build.0 = Debug|x86
		{94D01EDE-0499-422F-8081-90D94AD163FA}.Release|Any CPU.ActiveCfg = Release|Any CPU
		{94D01EDE-0499-422F-8081-90D94AD163FA}.Release|Any CPU.Build.0 = Release|Any CPU
		{94D01EDE-0499-422F-8081-90D94AD163FA}.Release|x86.ActiveCfg = Release|x86
		{94D01EDE-0499-422F-8081-90D94AD163FA}.Release|x86.Build.0 = Release|x86
		{94D01EDE-0499-422F-8081-90D94AD163FA}.x86|Any CPU.ActiveCfg = x86|Any CPU
		{94D01EDE-0499-422F-8081-90D94AD163FA}.x86|Any CPU.Build.0 = x86|Any CPU
		{94D01EDE-0499-422F-8081-90D94AD163FA}.x86|x86.ActiveCfg = x86|x86
		{94D01EDE-0499-422F-8081-90D94AD163FA}.x86|x86.Build.0 = x86|x86
		{9AFB3F52-D37D-4FBA-AC0D-76D95AE956B0}.Debug|Any CPU.ActiveCfg = Debug|Any CPU
		{9AFB3F52-D37D-4FBA-AC0D-76D95AE956B0}.Debug|Any CPU.Build.0 = Debug|Any CPU
		{9AFB3F52-D37D-4FBA-AC0D-76D95AE956B0}.Debug|x86.ActiveCfg = Debug|x86
		{9AFB3F52-D37D-4FBA-AC0D-76D95AE956B0}.Debug|x86.Build.0 = Debug|x86
		{9AFB3F52-D37D-4FBA-AC0D-76D95AE956B0}.Release|Any CPU.ActiveCfg = Release|Any CPU
		{9AFB3F52-D37D-4FBA-AC0D-76D95AE956B0}.Release|Any CPU.Build.0 = Release|Any CPU
		{9AFB3F52-D37D-4FBA-AC0D-76D95AE956B0}.Release|x86.ActiveCfg = Release|x86
		{9AFB3F52-D37D-4FBA-AC0D-76D95AE956B0}.Release|x86.Build.0 = Release|x86
		{9AFB3F52-D37D-4FBA-AC0D-76D95AE956B0}.x86|Any CPU.ActiveCfg = x86|Any CPU
		{9AFB3F52-D37D-4FBA-AC0D-76D95AE956B0}.x86|Any CPU.Build.0 = x86|Any CPU
		{9AFB3F52-D37D-4FBA-AC0D-76D95AE956B0}.x86|x86.ActiveCfg = x86|x86
		{9AFB3F52-D37D-4FBA-AC0D-76D95AE956B0}.x86|x86.Build.0 = x86|x86
		{E52375F0-9DCB-42D9-A555-5C47C1AF4E3B}.Debug|Any CPU.ActiveCfg = Debug|Any CPU
		{E52375F0-9DCB-42D9-A555-5C47C1AF4E3B}.Debug|Any CPU.Build.0 = Debug|Any CPU
		{E52375F0-9DCB-42D9-A555-5C47C1AF4E3B}.Debug|x86.ActiveCfg = Debug|Any CPU
		{E52375F0-9DCB-42D9-A555-5C47C1AF4E3B}.Debug|x86.Build.0 = Debug|Any CPU
		{E52375F0-9DCB-42D9-A555-5C47C1AF4E3B}.Release|Any CPU.ActiveCfg = Release|Any CPU
		{E52375F0-9DCB-42D9-A555-5C47C1AF4E3B}.Release|Any CPU.Build.0 = Release|Any CPU
		{E52375F0-9DCB-42D9-A555-5C47C1AF4E3B}.Release|x86.ActiveCfg = Release|Any CPU
		{E52375F0-9DCB-42D9-A555-5C47C1AF4E3B}.Release|x86.Build.0 = Release|Any CPU
		{E52375F0-9DCB-42D9-A555-5C47C1AF4E3B}.x86|Any CPU.ActiveCfg = Release|Any CPU
		{E52375F0-9DCB-42D9-A555-5C47C1AF4E3B}.x86|Any CPU.Build.0 = Release|Any CPU
		{E52375F0-9DCB-42D9-A555-5C47C1AF4E3B}.x86|x86.ActiveCfg = Release|Any CPU
		{E52375F0-9DCB-42D9-A555-5C47C1AF4E3B}.x86|x86.Build.0 = Release|Any CPU
		{C783E6EA-145D-4E5A-81C7-61FAF2D81DF4}.Debug|Any CPU.ActiveCfg = Debug|Any CPU
		{C783E6EA-145D-4E5A-81C7-61FAF2D81DF4}.Debug|Any CPU.Build.0 = Debug|Any CPU
		{C783E6EA-145D-4E5A-81C7-61FAF2D81DF4}.Debug|x86.ActiveCfg = Debug|Any CPU
		{C783E6EA-145D-4E5A-81C7-61FAF2D81DF4}.Debug|x86.Build.0 = Debug|Any CPU
		{C783E6EA-145D-4E5A-81C7-61FAF2D81DF4}.Release|Any CPU.ActiveCfg = Release|Any CPU
		{C783E6EA-145D-4E5A-81C7-61FAF2D81DF4}.Release|Any CPU.Build.0 = Release|Any CPU
		{C783E6EA-145D-4E5A-81C7-61FAF2D81DF4}.Release|x86.ActiveCfg = Release|Any CPU
		{C783E6EA-145D-4E5A-81C7-61FAF2D81DF4}.Release|x86.Build.0 = Release|Any CPU
		{C783E6EA-145D-4E5A-81C7-61FAF2D81DF4}.x86|Any CPU.ActiveCfg = Release|Any CPU
		{C783E6EA-145D-4E5A-81C7-61FAF2D81DF4}.x86|Any CPU.Build.0 = Release|Any CPU
		{C783E6EA-145D-4E5A-81C7-61FAF2D81DF4}.x86|x86.ActiveCfg = Release|Any CPU
		{C783E6EA-145D-4E5A-81C7-61FAF2D81DF4}.x86|x86.Build.0 = Release|Any CPU
		{66295232-5DD8-4FC7-A01B-3896F60E0631}.Debug|Any CPU.ActiveCfg = Debug|Any CPU
		{66295232-5DD8-4FC7-A01B-3896F60E0631}.Debug|Any CPU.Build.0 = Debug|Any CPU
		{66295232-5DD8-4FC7-A01B-3896F60E0631}.Debug|x86.ActiveCfg = Debug|Any CPU
		{66295232-5DD8-4FC7-A01B-3896F60E0631}.Debug|x86.Build.0 = Debug|Any CPU
		{66295232-5DD8-4FC7-A01B-3896F60E0631}.Release|Any CPU.ActiveCfg = Release|Any CPU
		{66295232-5DD8-4FC7-A01B-3896F60E0631}.Release|Any CPU.Build.0 = Release|Any CPU
		{66295232-5DD8-4FC7-A01B-3896F60E0631}.Release|x86.ActiveCfg = Release|Any CPU
		{66295232-5DD8-4FC7-A01B-3896F60E0631}.Release|x86.Build.0 = Release|Any CPU
		{66295232-5DD8-4FC7-A01B-3896F60E0631}.x86|Any CPU.ActiveCfg = Debug|Any CPU
		{66295232-5DD8-4FC7-A01B-3896F60E0631}.x86|Any CPU.Build.0 = Debug|Any CPU
		{66295232-5DD8-4FC7-A01B-3896F60E0631}.x86|x86.ActiveCfg = Debug|Any CPU
		{66295232-5DD8-4FC7-A01B-3896F60E0631}.x86|x86.Build.0 = Debug|Any CPU
		{7E4BEA58-7461-44EC-8437-A811FBCB9622}.Debug|Any CPU.ActiveCfg = Debug|Any CPU
		{7E4BEA58-7461-44EC-8437-A811FBCB9622}.Debug|Any CPU.Build.0 = Debug|Any CPU
		{7E4BEA58-7461-44EC-8437-A811FBCB9622}.Debug|x86.ActiveCfg = Debug|Any CPU
		{7E4BEA58-7461-44EC-8437-A811FBCB9622}.Debug|x86.Build.0 = Debug|Any CPU
		{7E4BEA58-7461-44EC-8437-A811FBCB9622}.Release|Any CPU.ActiveCfg = Release|Any CPU
		{7E4BEA58-7461-44EC-8437-A811FBCB9622}.Release|Any CPU.Build.0 = Release|Any CPU
		{7E4BEA58-7461-44EC-8437-A811FBCB9622}.Release|x86.ActiveCfg = Release|Any CPU
		{7E4BEA58-7461-44EC-8437-A811FBCB9622}.Release|x86.Build.0 = Release|Any CPU
		{7E4BEA58-7461-44EC-8437-A811FBCB9622}.x86|Any CPU.ActiveCfg = Debug|Any CPU
		{7E4BEA58-7461-44EC-8437-A811FBCB9622}.x86|Any CPU.Build.0 = Debug|Any CPU
		{7E4BEA58-7461-44EC-8437-A811FBCB9622}.x86|x86.ActiveCfg = Debug|Any CPU
		{7E4BEA58-7461-44EC-8437-A811FBCB9622}.x86|x86.Build.0 = Debug|Any CPU
		{8CF48690-E585-4444-9D22-4375D839CF36}.Debug|Any CPU.ActiveCfg = Debug|Any CPU
		{8CF48690-E585-4444-9D22-4375D839CF36}.Debug|Any CPU.Build.0 = Debug|Any CPU
		{8CF48690-E585-4444-9D22-4375D839CF36}.Debug|x86.ActiveCfg = Debug|Any CPU
		{8CF48690-E585-4444-9D22-4375D839CF36}.Debug|x86.Build.0 = Debug|Any CPU
		{8CF48690-E585-4444-9D22-4375D839CF36}.Release|Any CPU.ActiveCfg = Release|Any CPU
		{8CF48690-E585-4444-9D22-4375D839CF36}.Release|Any CPU.Build.0 = Release|Any CPU
		{8CF48690-E585-4444-9D22-4375D839CF36}.Release|x86.ActiveCfg = Release|Any CPU
		{8CF48690-E585-4444-9D22-4375D839CF36}.Release|x86.Build.0 = Release|Any CPU
		{8CF48690-E585-4444-9D22-4375D839CF36}.x86|Any CPU.ActiveCfg = Release|Any CPU
		{8CF48690-E585-4444-9D22-4375D839CF36}.x86|Any CPU.Build.0 = Release|Any CPU
		{8CF48690-E585-4444-9D22-4375D839CF36}.x86|x86.ActiveCfg = Release|Any CPU
		{8CF48690-E585-4444-9D22-4375D839CF36}.x86|x86.Build.0 = Release|Any CPU
		{513BE02F-13B1-40B8-AB63-103FB0958953}.Debug|Any CPU.ActiveCfg = Debug|Any CPU
		{513BE02F-13B1-40B8-AB63-103FB0958953}.Debug|Any CPU.Build.0 = Debug|Any CPU
		{513BE02F-13B1-40B8-AB63-103FB0958953}.Debug|x86.ActiveCfg = Debug|Any CPU
		{513BE02F-13B1-40B8-AB63-103FB0958953}.Debug|x86.Build.0 = Debug|Any CPU
		{513BE02F-13B1-40B8-AB63-103FB0958953}.Release|Any CPU.ActiveCfg = Release|Any CPU
		{513BE02F-13B1-40B8-AB63-103FB0958953}.Release|Any CPU.Build.0 = Release|Any CPU
		{513BE02F-13B1-40B8-AB63-103FB0958953}.Release|x86.ActiveCfg = Release|Any CPU
		{513BE02F-13B1-40B8-AB63-103FB0958953}.Release|x86.Build.0 = Release|Any CPU
		{513BE02F-13B1-40B8-AB63-103FB0958953}.x86|Any CPU.ActiveCfg = Release|Any CPU
		{513BE02F-13B1-40B8-AB63-103FB0958953}.x86|Any CPU.Build.0 = Release|Any CPU
		{513BE02F-13B1-40B8-AB63-103FB0958953}.x86|x86.ActiveCfg = Release|Any CPU
		{513BE02F-13B1-40B8-AB63-103FB0958953}.x86|x86.Build.0 = Release|Any CPU
		{43D6B245-59A9-4AA5-957F-13EE3FACD23D}.Debug|Any CPU.ActiveCfg = Debug|Any CPU
		{43D6B245-59A9-4AA5-957F-13EE3FACD23D}.Debug|Any CPU.Build.0 = Debug|Any CPU
		{43D6B245-59A9-4AA5-957F-13EE3FACD23D}.Debug|x86.ActiveCfg = Debug|Any CPU
		{43D6B245-59A9-4AA5-957F-13EE3FACD23D}.Debug|x86.Build.0 = Debug|Any CPU
		{43D6B245-59A9-4AA5-957F-13EE3FACD23D}.Release|Any CPU.ActiveCfg = Release|Any CPU
		{43D6B245-59A9-4AA5-957F-13EE3FACD23D}.Release|Any CPU.Build.0 = Release|Any CPU
		{43D6B245-59A9-4AA5-957F-13EE3FACD23D}.Release|x86.ActiveCfg = Release|Any CPU
		{43D6B245-59A9-4AA5-957F-13EE3FACD23D}.Release|x86.Build.0 = Release|Any CPU
		{43D6B245-59A9-4AA5-957F-13EE3FACD23D}.x86|Any CPU.ActiveCfg = Debug|Any CPU
		{43D6B245-59A9-4AA5-957F-13EE3FACD23D}.x86|Any CPU.Build.0 = Debug|Any CPU
		{43D6B245-59A9-4AA5-957F-13EE3FACD23D}.x86|x86.ActiveCfg = Debug|Any CPU
		{43D6B245-59A9-4AA5-957F-13EE3FACD23D}.x86|x86.Build.0 = Debug|Any CPU
	EndGlobalSection
	GlobalSection(SolutionProperties) = preSolution
		HideSolutionNode = FALSE
	EndGlobalSection
	GlobalSection(ExtensibilityGlobals) = postSolution
		SolutionGuid = {3992696C-6F17-414E-BE8C-6187A47D9A2C}
	EndGlobalSection
EndGlobal
