
Microsoft Visual Studio Solution File, Format Version 12.00
# Visual Studio 15
VisualStudioVersion = 15.0.27130.2027
MinimumVisualStudioVersion = 10.0.40219.1
Project("{2150E333-8FDC-42A3-9474-1A3956D46DE8}") = "Net20", "Net20", "{A2CBFDE7-2CFE-4FCE-963C-6910580D566B}"
EndProject
Project("{2150E333-8FDC-42A3-9474-1A3956D46DE8}") = "TestExternal", "TestExternal", "{35295A50-1EB2-4C32-9C1A-7321B04DBDEE}"
EndProject
Project("{2150E333-8FDC-42A3-9474-1A3956D46DE8}") = "NetCore", "NetCore", "{DE93C55D-ADAF-41D1-9654-60232B9F0070}"
EndProject
Project("{2150E333-8FDC-42A3-9474-1A3956D46DE8}") = "Net45", "Net45", "{E4C3D1FA-86FF-4110-A9D4-EF3410739FD3}"
EndProject
Project("{FAE04EC0-301F-11D3-BF4B-00C04F79EFBC}") = "TestMySqlClientNet45", "..\tests\TestMySqlClientNet45\TestMySqlClientNet45.csproj", "{8CF48690-E585-4444-9D22-4375D839CF36}"
EndProject
Project("{FAE04EC0-301F-11D3-BF4B-00C04F79EFBC}") = "SharpConnect.MySql", "SharpConnect.MySql.Net20\SharpConnect.MySql.csproj", "{94D01EDE-0499-422F-8081-90D94AD163FA}"
EndProject
Project("{FAE04EC0-301F-11D3-BF4B-00C04F79EFBC}") = "TestMySqlClientNet20", "..\tests\TestMySqlClientNet20\TestMySqlClientNet20.csproj", "{4C9B28FE-9C9E-4CA3-9D23-4861BFDDA1E5}"
EndProject
Project("{FAE04EC0-301F-11D3-BF4B-00C04F79EFBC}") = "SharpConnect.MySql.Net45", "SharpConnect.MySql.Net45\SharpConnect.MySql.Net45.csproj", "{C783E6EA-145D-4E5A-81C7-61FAF2D81DF4}"
EndProject
Project("{9A19103F-16F7-4668-BE54-9A1E7A4F7556}") = "SharpConnect.MySql", "SharpConnect.MySql\SharpConnect.MySql.csproj", "{F8FAF3E4-64BA-4809-BD91-DA113FA24A71}"
EndProject
Project("{9A19103F-16F7-4668-BE54-9A1E7A4F7556}") = "TestMySqlClientNetCore", "..\tests\TestMySqlClientNetCore\TestMySqlClientNetCore.csproj", "{7071639F-3F55-467D-A070-125C2032DCBE}"
EndProject
Project("{FAE04EC0-301F-11D3-BF4B-00C04F79EFBC}") = "MySql.Data", "..\..\mysql-connector-net-6.1.3-src\MySql.Data\Provider\MySql.Data.csproj", "{E9DF5ED1-4CBD-4226-B931-9A51610AC14D}"
EndProject
Project("{FAE04EC0-301F-11D3-BF4B-00C04F79EFBC}") = "ReferenceMySqlClient", "..\tests\ReferenceMySqlClient\ReferenceMySqlClient.csproj", "{2BD28D80-7992-409F-8AA6-8A921DE4660D}"
EndProject
Project("{FAE04EC0-301F-11D3-BF4B-00C04F79EFBC}") = "SharpConnect.MySql.Utils", "SharpConnect.MySql.Utils\SharpConnect.MySql.Utils.csproj", "{513BE02F-13B1-40B8-AB63-103FB0958953}"
EndProject
Project("{9A19103F-16F7-4668-BE54-9A1E7A4F7556}") = "SharpConnect.MySql.NetStandard", "SharpConnect.MySql.NetStandard\SharpConnect.MySql.NetStandard.csproj", "{FA8DCC70-2AC0-450A-8A13-A523D49F1838}"
EndProject
Project("{FAE04EC0-301F-11D3-BF4B-00C04F79EFBC}") = "TestMySqlParser", "..\feature\TestMySqlParser\TestMySqlParser.csproj", "{01E9D47B-ADCD-4C2E-B2DC-0877494AF69A}"
EndProject
Global
	GlobalSection(SolutionConfigurationPlatforms) = preSolution
		Debug|Any CPU = Debug|Any CPU
		Debug|x86 = Debug|x86
		Release|Any CPU = Release|Any CPU
		Release|x86 = Release|x86
		ReleaseNET40_Only|Any CPU = ReleaseNET40_Only|Any CPU
		ReleaseNET40_Only|x86 = ReleaseNET40_Only|x86
		x86|Any CPU = x86|Any CPU
		x86|x86 = x86|x86
	EndGlobalSection
	GlobalSection(ProjectConfigurationPlatforms) = postSolution
		{8CF48690-E585-4444-9D22-4375D839CF36}.Debug|Any CPU.ActiveCfg = Debug|Any CPU
		{8CF48690-E585-4444-9D22-4375D839CF36}.Debug|Any CPU.Build.0 = Debug|Any CPU
		{8CF48690-E585-4444-9D22-4375D839CF36}.Debug|x86.ActiveCfg = Debug|Any CPU
		{8CF48690-E585-4444-9D22-4375D839CF36}.Debug|x86.Build.0 = Debug|Any CPU
		{8CF48690-E585-4444-9D22-4375D839CF36}.Release|Any CPU.ActiveCfg = Release|Any CPU
		{8CF48690-E585-4444-9D22-4375D839CF36}.Release|Any CPU.Build.0 = Release|Any CPU
		{8CF48690-E585-4444-9D22-4375D839CF36}.Release|x86.ActiveCfg = Release|Any CPU
		{8CF48690-E585-4444-9D22-4375D839CF36}.Release|x86.Build.0 = Release|Any CPU
		{8CF48690-E585-4444-9D22-4375D839CF36}.ReleaseNET40_Only|Any CPU.ActiveCfg = Release|Any CPU
		{8CF48690-E585-4444-9D22-4375D839CF36}.ReleaseNET40_Only|Any CPU.Build.0 = Release|Any CPU
		{8CF48690-E585-4444-9D22-4375D839CF36}.ReleaseNET40_Only|x86.ActiveCfg = Release|Any CPU
		{8CF48690-E585-4444-9D22-4375D839CF36}.ReleaseNET40_Only|x86.Build.0 = Release|Any CPU
		{8CF48690-E585-4444-9D22-4375D839CF36}.x86|Any CPU.ActiveCfg = Release|Any CPU
		{8CF48690-E585-4444-9D22-4375D839CF36}.x86|Any CPU.Build.0 = Release|Any CPU
		{8CF48690-E585-4444-9D22-4375D839CF36}.x86|x86.ActiveCfg = Release|Any CPU
		{8CF48690-E585-4444-9D22-4375D839CF36}.x86|x86.Build.0 = Release|Any CPU
		{94D01EDE-0499-422F-8081-90D94AD163FA}.Debug|Any CPU.ActiveCfg = Debug|Any CPU
		{94D01EDE-0499-422F-8081-90D94AD163FA}.Debug|Any CPU.Build.0 = Debug|Any CPU
		{94D01EDE-0499-422F-8081-90D94AD163FA}.Debug|x86.ActiveCfg = Debug|Any CPU
		{94D01EDE-0499-422F-8081-90D94AD163FA}.Debug|x86.Build.0 = Debug|Any CPU
		{94D01EDE-0499-422F-8081-90D94AD163FA}.Release|Any CPU.ActiveCfg = Release|Any CPU
		{94D01EDE-0499-422F-8081-90D94AD163FA}.Release|Any CPU.Build.0 = Release|Any CPU
		{94D01EDE-0499-422F-8081-90D94AD163FA}.Release|x86.ActiveCfg = Release|Any CPU
		{94D01EDE-0499-422F-8081-90D94AD163FA}.Release|x86.Build.0 = Release|Any CPU
		{94D01EDE-0499-422F-8081-90D94AD163FA}.ReleaseNET40_Only|Any CPU.ActiveCfg = Release|Any CPU
		{94D01EDE-0499-422F-8081-90D94AD163FA}.ReleaseNET40_Only|Any CPU.Build.0 = Release|Any CPU
		{94D01EDE-0499-422F-8081-90D94AD163FA}.ReleaseNET40_Only|x86.ActiveCfg = Release|Any CPU
		{94D01EDE-0499-422F-8081-90D94AD163FA}.ReleaseNET40_Only|x86.Build.0 = Release|Any CPU
		{94D01EDE-0499-422F-8081-90D94AD163FA}.x86|Any CPU.ActiveCfg = x86|Any CPU
		{94D01EDE-0499-422F-8081-90D94AD163FA}.x86|Any CPU.Build.0 = x86|Any CPU
		{94D01EDE-0499-422F-8081-90D94AD163FA}.x86|x86.ActiveCfg = x86|x86
		{94D01EDE-0499-422F-8081-90D94AD163FA}.x86|x86.Build.0 = x86|x86
		{4C9B28FE-9C9E-4CA3-9D23-4861BFDDA1E5}.Debug|Any CPU.ActiveCfg = Debug|Any CPU
		{4C9B28FE-9C9E-4CA3-9D23-4861BFDDA1E5}.Debug|Any CPU.Build.0 = Debug|Any CPU
		{4C9B28FE-9C9E-4CA3-9D23-4861BFDDA1E5}.Debug|x86.ActiveCfg = Debug|Any CPU
		{4C9B28FE-9C9E-4CA3-9D23-4861BFDDA1E5}.Debug|x86.Build.0 = Debug|Any CPU
		{4C9B28FE-9C9E-4CA3-9D23-4861BFDDA1E5}.Release|Any CPU.ActiveCfg = Release|Any CPU
		{4C9B28FE-9C9E-4CA3-9D23-4861BFDDA1E5}.Release|Any CPU.Build.0 = Release|Any CPU
		{4C9B28FE-9C9E-4CA3-9D23-4861BFDDA1E5}.Release|x86.ActiveCfg = Release|Any CPU
		{4C9B28FE-9C9E-4CA3-9D23-4861BFDDA1E5}.Release|x86.Build.0 = Release|Any CPU
		{4C9B28FE-9C9E-4CA3-9D23-4861BFDDA1E5}.ReleaseNET40_Only|Any CPU.ActiveCfg = Release|Any CPU
		{4C9B28FE-9C9E-4CA3-9D23-4861BFDDA1E5}.ReleaseNET40_Only|Any CPU.Build.0 = Release|Any CPU
		{4C9B28FE-9C9E-4CA3-9D23-4861BFDDA1E5}.ReleaseNET40_Only|x86.ActiveCfg = Release|Any CPU
		{4C9B28FE-9C9E-4CA3-9D23-4861BFDDA1E5}.ReleaseNET40_Only|x86.Build.0 = Release|Any CPU
		{4C9B28FE-9C9E-4CA3-9D23-4861BFDDA1E5}.x86|Any CPU.ActiveCfg = Release|Any CPU
		{4C9B28FE-9C9E-4CA3-9D23-4861BFDDA1E5}.x86|Any CPU.Build.0 = Release|Any CPU
		{4C9B28FE-9C9E-4CA3-9D23-4861BFDDA1E5}.x86|x86.ActiveCfg = Release|Any CPU
		{4C9B28FE-9C9E-4CA3-9D23-4861BFDDA1E5}.x86|x86.Build.0 = Release|Any CPU
		{C783E6EA-145D-4E5A-81C7-61FAF2D81DF4}.Debug|Any CPU.ActiveCfg = Debug|Any CPU
		{C783E6EA-145D-4E5A-81C7-61FAF2D81DF4}.Debug|Any CPU.Build.0 = Debug|Any CPU
		{C783E6EA-145D-4E5A-81C7-61FAF2D81DF4}.Debug|x86.ActiveCfg = Debug|Any CPU
		{C783E6EA-145D-4E5A-81C7-61FAF2D81DF4}.Debug|x86.Build.0 = Debug|Any CPU
		{C783E6EA-145D-4E5A-81C7-61FAF2D81DF4}.Release|Any CPU.ActiveCfg = Release|Any CPU
		{C783E6EA-145D-4E5A-81C7-61FAF2D81DF4}.Release|Any CPU.Build.0 = Release|Any CPU
		{C783E6EA-145D-4E5A-81C7-61FAF2D81DF4}.Release|x86.ActiveCfg = Release|Any CPU
		{C783E6EA-145D-4E5A-81C7-61FAF2D81DF4}.Release|x86.Build.0 = Release|Any CPU
		{C783E6EA-145D-4E5A-81C7-61FAF2D81DF4}.ReleaseNET40_Only|Any CPU.ActiveCfg = Release|Any CPU
		{C783E6EA-145D-4E5A-81C7-61FAF2D81DF4}.ReleaseNET40_Only|Any CPU.Build.0 = Release|Any CPU
		{C783E6EA-145D-4E5A-81C7-61FAF2D81DF4}.ReleaseNET40_Only|x86.ActiveCfg = Release|Any CPU
		{C783E6EA-145D-4E5A-81C7-61FAF2D81DF4}.ReleaseNET40_Only|x86.Build.0 = Release|Any CPU
		{C783E6EA-145D-4E5A-81C7-61FAF2D81DF4}.x86|Any CPU.ActiveCfg = Release|Any CPU
		{C783E6EA-145D-4E5A-81C7-61FAF2D81DF4}.x86|Any CPU.Build.0 = Release|Any CPU
		{C783E6EA-145D-4E5A-81C7-61FAF2D81DF4}.x86|x86.ActiveCfg = Release|Any CPU
		{C783E6EA-145D-4E5A-81C7-61FAF2D81DF4}.x86|x86.Build.0 = Release|Any CPU
		{F8FAF3E4-64BA-4809-BD91-DA113FA24A71}.Debug|Any CPU.ActiveCfg = Debug|Any CPU
		{F8FAF3E4-64BA-4809-BD91-DA113FA24A71}.Debug|Any CPU.Build.0 = Debug|Any CPU
		{F8FAF3E4-64BA-4809-BD91-DA113FA24A71}.Debug|x86.ActiveCfg = Debug|Any CPU
		{F8FAF3E4-64BA-4809-BD91-DA113FA24A71}.Debug|x86.Build.0 = Debug|Any CPU
		{F8FAF3E4-64BA-4809-BD91-DA113FA24A71}.Release|Any CPU.ActiveCfg = Release|Any CPU
		{F8FAF3E4-64BA-4809-BD91-DA113FA24A71}.Release|Any CPU.Build.0 = Release|Any CPU
		{F8FAF3E4-64BA-4809-BD91-DA113FA24A71}.Release|x86.ActiveCfg = Release|Any CPU
		{F8FAF3E4-64BA-4809-BD91-DA113FA24A71}.Release|x86.Build.0 = Release|Any CPU
		{F8FAF3E4-64BA-4809-BD91-DA113FA24A71}.ReleaseNET40_Only|Any CPU.ActiveCfg = Release|Any CPU
		{F8FAF3E4-64BA-4809-BD91-DA113FA24A71}.ReleaseNET40_Only|Any CPU.Build.0 = Release|Any CPU
		{F8FAF3E4-64BA-4809-BD91-DA113FA24A71}.ReleaseNET40_Only|x86.ActiveCfg = Release|Any CPU
		{F8FAF3E4-64BA-4809-BD91-DA113FA24A71}.ReleaseNET40_Only|x86.Build.0 = Release|Any CPU
		{F8FAF3E4-64BA-4809-BD91-DA113FA24A71}.x86|Any CPU.ActiveCfg = Release|Any CPU
		{F8FAF3E4-64BA-4809-BD91-DA113FA24A71}.x86|Any CPU.Build.0 = Release|Any CPU
		{F8FAF3E4-64BA-4809-BD91-DA113FA24A71}.x86|x86.ActiveCfg = Release|Any CPU
		{F8FAF3E4-64BA-4809-BD91-DA113FA24A71}.x86|x86.Build.0 = Release|Any CPU
		{7071639F-3F55-467D-A070-125C2032DCBE}.Debug|Any CPU.ActiveCfg = Debug|Any CPU
		{7071639F-3F55-467D-A070-125C2032DCBE}.Debug|Any CPU.Build.0 = Debug|Any CPU
		{7071639F-3F55-467D-A070-125C2032DCBE}.Debug|x86.ActiveCfg = Debug|Any CPU
		{7071639F-3F55-467D-A070-125C2032DCBE}.Debug|x86.Build.0 = Debug|Any CPU
		{7071639F-3F55-467D-A070-125C2032DCBE}.Release|Any CPU.ActiveCfg = Release|Any CPU
		{7071639F-3F55-467D-A070-125C2032DCBE}.Release|Any CPU.Build.0 = Release|Any CPU
		{7071639F-3F55-467D-A070-125C2032DCBE}.Release|x86.ActiveCfg = Release|Any CPU
		{7071639F-3F55-467D-A070-125C2032DCBE}.Release|x86.Build.0 = Release|Any CPU
		{7071639F-3F55-467D-A070-125C2032DCBE}.ReleaseNET40_Only|Any CPU.ActiveCfg = Release|Any CPU
		{7071639F-3F55-467D-A070-125C2032DCBE}.ReleaseNET40_Only|Any CPU.Build.0 = Release|Any CPU
		{7071639F-3F55-467D-A070-125C2032DCBE}.ReleaseNET40_Only|x86.ActiveCfg = Release|Any CPU
		{7071639F-3F55-467D-A070-125C2032DCBE}.ReleaseNET40_Only|x86.Build.0 = Release|Any CPU
		{7071639F-3F55-467D-A070-125C2032DCBE}.x86|Any CPU.ActiveCfg = Release|Any CPU
		{7071639F-3F55-467D-A070-125C2032DCBE}.x86|Any CPU.Build.0 = Release|Any CPU
		{7071639F-3F55-467D-A070-125C2032DCBE}.x86|x86.ActiveCfg = Release|Any CPU
		{7071639F-3F55-467D-A070-125C2032DCBE}.x86|x86.Build.0 = Release|Any CPU
		{E9DF5ED1-4CBD-4226-B931-9A51610AC14D}.Debug|Any CPU.ActiveCfg = Debug|Any CPU
		{E9DF5ED1-4CBD-4226-B931-9A51610AC14D}.Debug|Any CPU.Build.0 = Debug|Any CPU
		{E9DF5ED1-4CBD-4226-B931-9A51610AC14D}.Debug|x86.ActiveCfg = Debug|x86
		{E9DF5ED1-4CBD-4226-B931-9A51610AC14D}.Debug|x86.Build.0 = Debug|x86
		{E9DF5ED1-4CBD-4226-B931-9A51610AC14D}.Release|Any CPU.ActiveCfg = Release|Any CPU
		{E9DF5ED1-4CBD-4226-B931-9A51610AC14D}.Release|Any CPU.Build.0 = Release|Any CPU
		{E9DF5ED1-4CBD-4226-B931-9A51610AC14D}.Release|x86.ActiveCfg = Release|x86
		{E9DF5ED1-4CBD-4226-B931-9A51610AC14D}.Release|x86.Build.0 = Release|x86
		{E9DF5ED1-4CBD-4226-B931-9A51610AC14D}.ReleaseNET40_Only|Any CPU.ActiveCfg = Release|Any CPU
		{E9DF5ED1-4CBD-4226-B931-9A51610AC14D}.ReleaseNET40_Only|Any CPU.Build.0 = Release|Any CPU
		{E9DF5ED1-4CBD-4226-B931-9A51610AC14D}.ReleaseNET40_Only|x86.ActiveCfg = Release|x86
		{E9DF5ED1-4CBD-4226-B931-9A51610AC14D}.ReleaseNET40_Only|x86.Build.0 = Release|x86
		{E9DF5ED1-4CBD-4226-B931-9A51610AC14D}.x86|Any CPU.ActiveCfg = x86|Any CPU
		{E9DF5ED1-4CBD-4226-B931-9A51610AC14D}.x86|Any CPU.Build.0 = x86|Any CPU
		{E9DF5ED1-4CBD-4226-B931-9A51610AC14D}.x86|x86.ActiveCfg = x86|x86
		{E9DF5ED1-4CBD-4226-B931-9A51610AC14D}.x86|x86.Build.0 = x86|x86
		{2BD28D80-7992-409F-8AA6-8A921DE4660D}.Debug|Any CPU.ActiveCfg = Debug|Any CPU
		{2BD28D80-7992-409F-8AA6-8A921DE4660D}.Debug|Any CPU.Build.0 = Debug|Any CPU
		{2BD28D80-7992-409F-8AA6-8A921DE4660D}.Debug|x86.ActiveCfg = Debug|Any CPU
		{2BD28D80-7992-409F-8AA6-8A921DE4660D}.Debug|x86.Build.0 = Debug|Any CPU
		{2BD28D80-7992-409F-8AA6-8A921DE4660D}.Release|Any CPU.ActiveCfg = Release|Any CPU
		{2BD28D80-7992-409F-8AA6-8A921DE4660D}.Release|Any CPU.Build.0 = Release|Any CPU
		{2BD28D80-7992-409F-8AA6-8A921DE4660D}.Release|x86.ActiveCfg = Release|Any CPU
		{2BD28D80-7992-409F-8AA6-8A921DE4660D}.Release|x86.Build.0 = Release|Any CPU
		{2BD28D80-7992-409F-8AA6-8A921DE4660D}.ReleaseNET40_Only|Any CPU.ActiveCfg = Release|Any CPU
		{2BD28D80-7992-409F-8AA6-8A921DE4660D}.ReleaseNET40_Only|Any CPU.Build.0 = Release|Any CPU
		{2BD28D80-7992-409F-8AA6-8A921DE4660D}.ReleaseNET40_Only|x86.ActiveCfg = Release|Any CPU
		{2BD28D80-7992-409F-8AA6-8A921DE4660D}.ReleaseNET40_Only|x86.Build.0 = Release|Any CPU
		{2BD28D80-7992-409F-8AA6-8A921DE4660D}.x86|Any CPU.ActiveCfg = Release|Any CPU
		{2BD28D80-7992-409F-8AA6-8A921DE4660D}.x86|Any CPU.Build.0 = Release|Any CPU
		{2BD28D80-7992-409F-8AA6-8A921DE4660D}.x86|x86.ActiveCfg = Release|Any CPU
		{2BD28D80-7992-409F-8AA6-8A921DE4660D}.x86|x86.Build.0 = Release|Any CPU
		{513BE02F-13B1-40B8-AB63-103FB0958953}.Debug|Any CPU.ActiveCfg = Debug|Any CPU
		{513BE02F-13B1-40B8-AB63-103FB0958953}.Debug|Any CPU.Build.0 = Debug|Any CPU
		{513BE02F-13B1-40B8-AB63-103FB0958953}.Debug|x86.ActiveCfg = Debug|Any CPU
		{513BE02F-13B1-40B8-AB63-103FB0958953}.Debug|x86.Build.0 = Debug|Any CPU
		{513BE02F-13B1-40B8-AB63-103FB0958953}.Release|Any CPU.ActiveCfg = Release|Any CPU
		{513BE02F-13B1-40B8-AB63-103FB0958953}.Release|Any CPU.Build.0 = Release|Any CPU
		{513BE02F-13B1-40B8-AB63-103FB0958953}.Release|x86.ActiveCfg = Release|Any CPU
		{513BE02F-13B1-40B8-AB63-103FB0958953}.Release|x86.Build.0 = Release|Any CPU
		{513BE02F-13B1-40B8-AB63-103FB0958953}.ReleaseNET40_Only|Any CPU.ActiveCfg = Release|Any CPU
		{513BE02F-13B1-40B8-AB63-103FB0958953}.ReleaseNET40_Only|Any CPU.Build.0 = Release|Any CPU
		{513BE02F-13B1-40B8-AB63-103FB0958953}.ReleaseNET40_Only|x86.ActiveCfg = Release|Any CPU
		{513BE02F-13B1-40B8-AB63-103FB0958953}.ReleaseNET40_Only|x86.Build.0 = Release|Any CPU
		{513BE02F-13B1-40B8-AB63-103FB0958953}.x86|Any CPU.ActiveCfg = Release|Any CPU
		{513BE02F-13B1-40B8-AB63-103FB0958953}.x86|Any CPU.Build.0 = Release|Any CPU
		{513BE02F-13B1-40B8-AB63-103FB0958953}.x86|x86.ActiveCfg = Release|Any CPU
		{513BE02F-13B1-40B8-AB63-103FB0958953}.x86|x86.Build.0 = Release|Any CPU
		{FA8DCC70-2AC0-450A-8A13-A523D49F1838}.Debug|Any CPU.ActiveCfg = Debug|Any CPU
		{FA8DCC70-2AC0-450A-8A13-A523D49F1838}.Debug|Any CPU.Build.0 = Debug|Any CPU
		{FA8DCC70-2AC0-450A-8A13-A523D49F1838}.Debug|x86.ActiveCfg = Debug|Any CPU
		{FA8DCC70-2AC0-450A-8A13-A523D49F1838}.Debug|x86.Build.0 = Debug|Any CPU
		{FA8DCC70-2AC0-450A-8A13-A523D49F1838}.Release|Any CPU.ActiveCfg = Release|Any CPU
		{FA8DCC70-2AC0-450A-8A13-A523D49F1838}.Release|Any CPU.Build.0 = Release|Any CPU
		{FA8DCC70-2AC0-450A-8A13-A523D49F1838}.Release|x86.ActiveCfg = Release|Any CPU
		{FA8DCC70-2AC0-450A-8A13-A523D49F1838}.Release|x86.Build.0 = Release|Any CPU
		{FA8DCC70-2AC0-450A-8A13-A523D49F1838}.ReleaseNET40_Only|Any CPU.ActiveCfg = Release|Any CPU
		{FA8DCC70-2AC0-450A-8A13-A523D49F1838}.ReleaseNET40_Only|Any CPU.Build.0 = Release|Any CPU
		{FA8DCC70-2AC0-450A-8A13-A523D49F1838}.ReleaseNET40_Only|x86.ActiveCfg = Release|Any CPU
		{FA8DCC70-2AC0-450A-8A13-A523D49F1838}.ReleaseNET40_Only|x86.Build.0 = Release|Any CPU
		{FA8DCC70-2AC0-450A-8A13-A523D49F1838}.x86|Any CPU.ActiveCfg = Release|Any CPU
		{FA8DCC70-2AC0-450A-8A13-A523D49F1838}.x86|Any CPU.Build.0 = Release|Any CPU
		{FA8DCC70-2AC0-450A-8A13-A523D49F1838}.x86|x86.ActiveCfg = Release|Any CPU
		{FA8DCC70-2AC0-450A-8A13-A523D49F1838}.x86|x86.Build.0 = Release|Any CPU
		{01E9D47B-ADCD-4C2E-B2DC-0877494AF69A}.Debug|Any CPU.ActiveCfg = Debug|Any CPU
		{01E9D47B-ADCD-4C2E-B2DC-0877494AF69A}.Debug|Any CPU.Build.0 = Debug|Any CPU
		{01E9D47B-ADCD-4C2E-B2DC-0877494AF69A}.Debug|x86.ActiveCfg = Debug|Any CPU
		{01E9D47B-ADCD-4C2E-B2DC-0877494AF69A}.Debug|x86.Build.0 = Debug|Any CPU
		{01E9D47B-ADCD-4C2E-B2DC-0877494AF69A}.Release|Any CPU.ActiveCfg = Release|Any CPU
		{01E9D47B-ADCD-4C2E-B2DC-0877494AF69A}.Release|Any CPU.Build.0 = Release|Any CPU
		{01E9D47B-ADCD-4C2E-B2DC-0877494AF69A}.Release|x86.ActiveCfg = Release|Any CPU
		{01E9D47B-ADCD-4C2E-B2DC-0877494AF69A}.Release|x86.Build.0 = Release|Any CPU
		{01E9D47B-ADCD-4C2E-B2DC-0877494AF69A}.ReleaseNET40_Only|Any CPU.ActiveCfg = Release|Any CPU
		{01E9D47B-ADCD-4C2E-B2DC-0877494AF69A}.ReleaseNET40_Only|Any CPU.Build.0 = Release|Any CPU
		{01E9D47B-ADCD-4C2E-B2DC-0877494AF69A}.ReleaseNET40_Only|x86.ActiveCfg = Release|Any CPU
		{01E9D47B-ADCD-4C2E-B2DC-0877494AF69A}.ReleaseNET40_Only|x86.Build.0 = Release|Any CPU
		{01E9D47B-ADCD-4C2E-B2DC-0877494AF69A}.x86|Any CPU.ActiveCfg = Release|Any CPU
		{01E9D47B-ADCD-4C2E-B2DC-0877494AF69A}.x86|Any CPU.Build.0 = Release|Any CPU
		{01E9D47B-ADCD-4C2E-B2DC-0877494AF69A}.x86|x86.ActiveCfg = Release|Any CPU
		{01E9D47B-ADCD-4C2E-B2DC-0877494AF69A}.x86|x86.Build.0 = Release|Any CPU
	EndGlobalSection
	GlobalSection(SolutionProperties) = preSolution
		HideSolutionNode = FALSE
	EndGlobalSection
	GlobalSection(NestedProjects) = preSolution
		{8CF48690-E585-4444-9D22-4375D839CF36} = {E4C3D1FA-86FF-4110-A9D4-EF3410739FD3}
		{94D01EDE-0499-422F-8081-90D94AD163FA} = {A2CBFDE7-2CFE-4FCE-963C-6910580D566B}
		{4C9B28FE-9C9E-4CA3-9D23-4861BFDDA1E5} = {A2CBFDE7-2CFE-4FCE-963C-6910580D566B}
		{C783E6EA-145D-4E5A-81C7-61FAF2D81DF4} = {E4C3D1FA-86FF-4110-A9D4-EF3410739FD3}
		{7071639F-3F55-467D-A070-125C2032DCBE} = {DE93C55D-ADAF-41D1-9654-60232B9F0070}
		{E9DF5ED1-4CBD-4226-B931-9A51610AC14D} = {35295A50-1EB2-4C32-9C1A-7321B04DBDEE}
		{2BD28D80-7992-409F-8AA6-8A921DE4660D} = {35295A50-1EB2-4C32-9C1A-7321B04DBDEE}
		{FA8DCC70-2AC0-450A-8A13-A523D49F1838} = {DE93C55D-ADAF-41D1-9654-60232B9F0070}
		{01E9D47B-ADCD-4C2E-B2DC-0877494AF69A} = {35295A50-1EB2-4C32-9C1A-7321B04DBDEE}
	EndGlobalSection
	GlobalSection(ExtensibilityGlobals) = postSolution
		SolutionGuid = {C6EA135F-D2A2-49B9-9025-9CC9EA56E147}
	EndGlobalSection
EndGlobal
