
Microsoft Visual Studio Solution File, Format Version 12.00
# Visual Studio 14
VisualStudioVersion = 14.0.25123.0
MinimumVisualStudioVersion = 10.0.40219.1
Project("{FAE04EC0-301F-11D3-BF4B-00C04F79EFBC}") = "MySqlClient", "MySqlClient\MySqlClient.csproj", "{8CF48690-E585-4444-9D22-4375D839CF36}"
EndProject
Project("{FAE04EC0-301F-11D3-BF4B-00C04F79EFBC}") = "SharpConnect.MySql", "SharpConnect.MySql\SharpConnect.MySql.csproj", "{C783E6EA-145D-4E5A-81C7-61FAF2D81DF4}"
EndProject
Project("{FAE04EC0-301F-11D3-BF4B-00C04F79EFBC}") = "SharpConnect.MySql.Utils", "SharpConnect.MySql.Utils\SharpConnect.MySql.Utils.csproj", "{2B4090CB-BEEA-40CF-A6EF-DB69AE65E0D2}"
EndProject
Project("{FAE04EC0-301F-11D3-BF4B-00C04F79EFBC}") = "SharpConnect.LiquidData", "SharpConnect.LiquidData\SharpConnect.LiquidData.csproj", "{9AFB3F52-D37D-4FBA-AC0D-76D95AE956B0}"
EndProject
Project("{2150E333-8FDC-42A3-9474-1A3956D46DE8}") = "Net20", "Net20", "{A2CBFDE7-2CFE-4FCE-963C-6910580D566B}"
EndProject
Project("{FAE04EC0-301F-11D3-BF4B-00C04F79EFBC}") = "SharpConnect.MySql", "Net20\SharpConnect.MySql\SharpConnect.MySql.csproj", "{94D01EDE-0499-422F-8081-90D94AD163FA}"
EndProject
Project("{FAE04EC0-301F-11D3-BF4B-00C04F79EFBC}") = "SharpConnect.MySql.Utils", "Net20\SharpConnect.MySql.Utils\SharpConnect.MySql.Utils.csproj", "{F46FFA6B-DDD8-478D-99F4-5C1BE499258C}"
EndProject
Project("{FAE04EC0-301F-11D3-BF4B-00C04F79EFBC}") = "SharpConnect.LiquidData", "Net20\SharpConnect.LiquidData\SharpConnect.LiquidData.csproj", "{2C54C555-3C8B-4226-8606-8A3716B576BB}"
EndProject
Project("{FAE04EC0-301F-11D3-BF4B-00C04F79EFBC}") = "MySqlClient", "Net20\MySqlClient\MySqlClient.csproj", "{4C9B28FE-9C9E-4CA3-9D23-4861BFDDA1E5}"
EndProject
Global
	GlobalSection(SolutionConfigurationPlatforms) = preSolution
		Debug|Any CPU = Debug|Any CPU
		Release|Any CPU = Release|Any CPU
	EndGlobalSection
	GlobalSection(ProjectConfigurationPlatforms) = postSolution
		{8CF48690-E585-4444-9D22-4375D839CF36}.Debug|Any CPU.ActiveCfg = Debug|Any CPU
		{8CF48690-E585-4444-9D22-4375D839CF36}.Debug|Any CPU.Build.0 = Debug|Any CPU
		{8CF48690-E585-4444-9D22-4375D839CF36}.Release|Any CPU.ActiveCfg = Release|Any CPU
		{8CF48690-E585-4444-9D22-4375D839CF36}.Release|Any CPU.Build.0 = Release|Any CPU
		{C783E6EA-145D-4E5A-81C7-61FAF2D81DF4}.Debug|Any CPU.ActiveCfg = Debug|Any CPU
		{C783E6EA-145D-4E5A-81C7-61FAF2D81DF4}.Debug|Any CPU.Build.0 = Debug|Any CPU
		{C783E6EA-145D-4E5A-81C7-61FAF2D81DF4}.Release|Any CPU.ActiveCfg = Release|Any CPU
		{C783E6EA-145D-4E5A-81C7-61FAF2D81DF4}.Release|Any CPU.Build.0 = Release|Any CPU
		{2B4090CB-BEEA-40CF-A6EF-DB69AE65E0D2}.Debug|Any CPU.ActiveCfg = Debug|Any CPU
		{2B4090CB-BEEA-40CF-A6EF-DB69AE65E0D2}.Debug|Any CPU.Build.0 = Debug|Any CPU
		{2B4090CB-BEEA-40CF-A6EF-DB69AE65E0D2}.Release|Any CPU.ActiveCfg = Release|Any CPU
		{2B4090CB-BEEA-40CF-A6EF-DB69AE65E0D2}.Release|Any CPU.Build.0 = Release|Any CPU
		{9AFB3F52-D37D-4FBA-AC0D-76D95AE956B0}.Debug|Any CPU.ActiveCfg = Debug|Any CPU
		{9AFB3F52-D37D-4FBA-AC0D-76D95AE956B0}.Debug|Any CPU.Build.0 = Debug|Any CPU
		{9AFB3F52-D37D-4FBA-AC0D-76D95AE956B0}.Release|Any CPU.ActiveCfg = Release|Any CPU
		{9AFB3F52-D37D-4FBA-AC0D-76D95AE956B0}.Release|Any CPU.Build.0 = Release|Any CPU
		{94D01EDE-0499-422F-8081-90D94AD163FA}.Debug|Any CPU.ActiveCfg = Debug|Any CPU
		{94D01EDE-0499-422F-8081-90D94AD163FA}.Debug|Any CPU.Build.0 = Debug|Any CPU
		{94D01EDE-0499-422F-8081-90D94AD163FA}.Release|Any CPU.ActiveCfg = Release|Any CPU
		{94D01EDE-0499-422F-8081-90D94AD163FA}.Release|Any CPU.Build.0 = Release|Any CPU
		{F46FFA6B-DDD8-478D-99F4-5C1BE499258C}.Debug|Any CPU.ActiveCfg = Debug|Any CPU
		{F46FFA6B-DDD8-478D-99F4-5C1BE499258C}.Debug|Any CPU.Build.0 = Debug|Any CPU
		{F46FFA6B-DDD8-478D-99F4-5C1BE499258C}.Release|Any CPU.ActiveCfg = Release|Any CPU
		{F46FFA6B-DDD8-478D-99F4-5C1BE499258C}.Release|Any CPU.Build.0 = Release|Any CPU
		{2C54C555-3C8B-4226-8606-8A3716B576BB}.Debug|Any CPU.ActiveCfg = Debug|Any CPU
		{2C54C555-3C8B-4226-8606-8A3716B576BB}.Debug|Any CPU.Build.0 = Debug|Any CPU
		{2C54C555-3C8B-4226-8606-8A3716B576BB}.Release|Any CPU.ActiveCfg = Release|Any CPU
		{2C54C555-3C8B-4226-8606-8A3716B576BB}.Release|Any CPU.Build.0 = Release|Any CPU
		{4C9B28FE-9C9E-4CA3-9D23-4861BFDDA1E5}.Debug|Any CPU.ActiveCfg = Debug|Any CPU
		{4C9B28FE-9C9E-4CA3-9D23-4861BFDDA1E5}.Debug|Any CPU.Build.0 = Debug|Any CPU
		{4C9B28FE-9C9E-4CA3-9D23-4861BFDDA1E5}.Release|Any CPU.ActiveCfg = Release|Any CPU
		{4C9B28FE-9C9E-4CA3-9D23-4861BFDDA1E5}.Release|Any CPU.Build.0 = Release|Any CPU
	EndGlobalSection
	GlobalSection(SolutionProperties) = preSolution
		HideSolutionNode = FALSE
	EndGlobalSection
	GlobalSection(NestedProjects) = preSolution
		{94D01EDE-0499-422F-8081-90D94AD163FA} = {A2CBFDE7-2CFE-4FCE-963C-6910580D566B}
		{F46FFA6B-DDD8-478D-99F4-5C1BE499258C} = {A2CBFDE7-2CFE-4FCE-963C-6910580D566B}
		{2C54C555-3C8B-4226-8606-8A3716B576BB} = {A2CBFDE7-2CFE-4FCE-963C-6910580D566B}
		{4C9B28FE-9C9E-4CA3-9D23-4861BFDDA1E5} = {A2CBFDE7-2CFE-4FCE-963C-6910580D566B}
	EndGlobalSection
EndGlobal
