
Microsoft Visual Studio Solution File, Format Version 12.00
# Visual Studio 14
VisualStudioVersion = 14.0.25420.1
MinimumVisualStudioVersion = 10.0.40219.1
Project("{FAE04EC0-301F-11D3-BF4B-00C04F79EFBC}") = "MySqlClient", "MySqlClient\MySqlClient.csproj", "{8CF48690-E585-4444-9D22-4375D839CF36}"
EndProject
Project("{FAE04EC0-301F-11D3-BF4B-00C04F79EFBC}") = "SharpConnect.MySql.Utils", "SharpConnect.MySql.Utils\SharpConnect.MySql.Utils.csproj", "{2B4090CB-BEEA-40CF-A6EF-DB69AE65E0D2}"
EndProject
Project("{FAE04EC0-301F-11D3-BF4B-00C04F79EFBC}") = "SharpConnect.LiquidData", "SharpConnect.LiquidData\SharpConnect.LiquidData.csproj", "{9AFB3F52-D37D-4FBA-AC0D-76D95AE956B0}"
EndProject
Project("{2150E333-8FDC-42A3-9474-1A3956D46DE8}") = "Net20", "Net20", "{A2CBFDE7-2CFE-4FCE-963C-6910580D566B}"
EndProject
Project("{FAE04EC0-301F-11D3-BF4B-00C04F79EFBC}") = "SharpConnect.MySql", "Net20\SharpConnect.MySql\SharpConnect.MySql.csproj", "{94D01EDE-0499-422F-8081-90D94AD163FA}"
EndProject
Project("{FAE04EC0-301F-11D3-BF4B-00C04F79EFBC}") = "SharpConnect.MySql.Utils", "Net20\SharpConnect.MySql.Utils\SharpConnect.MySql.Utils.csproj", "{F46FFA6B-DDD8-478D-99F4-5C1BE499258C}"
EndProject
Project("{FAE04EC0-301F-11D3-BF4B-00C04F79EFBC}") = "SharpConnect.LiquidData", "Net20\SharpConnect.LiquidData\SharpConnect.LiquidData.csproj", "{2C54C555-3C8B-4226-8606-8A3716B576BB}"
EndProject
Project("{FAE04EC0-301F-11D3-BF4B-00C04F79EFBC}") = "MySqlClient", "Net20\MySqlClient\MySqlClient.csproj", "{4C9B28FE-9C9E-4CA3-9D23-4861BFDDA1E5}"
EndProject
Project("{2150E333-8FDC-42A3-9474-1A3956D46DE8}") = "TestExternal", "TestExternal", "{35295A50-1EB2-4C32-9C1A-7321B04DBDEE}"
EndProject
Project("{FAE04EC0-301F-11D3-BF4B-00C04F79EFBC}") = "MySql.Data", "..\..\..\programs\mysql-connector-net-7.0.3-src\Source\MySql.Data\MySql.Data.csproj", "{E9DF5ED1-4CBD-4226-B931-9A51610AC14D}"
EndProject
Project("{FAE04EC0-301F-11D3-BF4B-00C04F79EFBC}") = "ReferenceMySqlClient", "ReferenceMySqlClient\ReferenceMySqlClient.csproj", "{2BD28D80-7992-409F-8AA6-8A921DE4660D}"
EndProject
Project("{2150E333-8FDC-42A3-9474-1A3956D46DE8}") = "NetCore", "NetCore", "{DE93C55D-ADAF-41D1-9654-60232B9F0070}"
EndProject
Project("{FAE04EC0-301F-11D3-BF4B-00C04F79EFBC}") = "SharpConnect.MySql.Net45", "SharpConnect.MySql.Net45\SharpConnect.MySql.Net45.csproj", "{C783E6EA-145D-4E5A-81C7-61FAF2D81DF4}"
EndProject
Project("{2150E333-8FDC-42A3-9474-1A3956D46DE8}") = "Net45", "Net45", "{E4C3D1FA-86FF-4110-A9D4-EF3410739FD3}"
EndProject
Project("{8BB2217D-0F2D-49D1-97BC-3654ED321F3B}") = "SharpConnect.MySql", "SharpConnect.MySql\SharpConnect.MySql.xproj", "{F8FAF3E4-64BA-4809-BD91-DA113FA24A71}"
EndProject
Project("{8BB2217D-0F2D-49D1-97BC-3654ED321F3B}") = "TestOnNetCore", "TestOnNetCore\TestOnNetCore.xproj", "{7071639F-3F55-467D-A070-125C2032DCBE}"
EndProject
Global
	GlobalSection(SolutionConfigurationPlatforms) = preSolution
		Debug|Any CPU = Debug|Any CPU
		Debug|x86 = Debug|x86
		Release|Any CPU = Release|Any CPU
		Release|x86 = Release|x86
		ReleaseNET40_Only|Any CPU = ReleaseNET40_Only|Any CPU
		ReleaseNET40_Only|x86 = ReleaseNET40_Only|x86
	EndGlobalSection
	GlobalSection(ProjectConfigurationPlatforms) = postSolution
		{8CF48690-E585-4444-9D22-4375D839CF36}.Debug|Any CPU.ActiveCfg = Debug|Any CPU
		{8CF48690-E585-4444-9D22-4375D839CF36}.Debug|Any CPU.Build.0 = Debug|Any CPU
		{8CF48690-E585-4444-9D22-4375D839CF36}.Debug|x86.ActiveCfg = Debug|Any CPU
		{8CF48690-E585-4444-9D22-4375D839CF36}.Debug|x86.Build.0 = Debug|Any CPU
		{8CF48690-E585-4444-9D22-4375D839CF36}.Release|Any CPU.ActiveCfg = Release|Any CPU
		{8CF48690-E585-4444-9D22-4375D839CF36}.Release|Any CPU.Build.0 = Release|Any CPU
		{8CF48690-E585-4444-9D22-4375D839CF36}.Release|x86.ActiveCfg = Release|Any CPU
		{8CF48690-E585-4444-9D22-4375D839CF36}.Release|x86.Build.0 = Release|Any CPU
		{8CF48690-E585-4444-9D22-4375D839CF36}.ReleaseNET40_Only|Any CPU.ActiveCfg = Release|Any CPU
		{8CF48690-E585-4444-9D22-4375D839CF36}.ReleaseNET40_Only|Any CPU.Build.0 = Release|Any CPU
		{8CF48690-E585-4444-9D22-4375D839CF36}.ReleaseNET40_Only|x86.ActiveCfg = Release|Any CPU
		{8CF48690-E585-4444-9D22-4375D839CF36}.ReleaseNET40_Only|x86.Build.0 = Release|Any CPU
		{2B4090CB-BEEA-40CF-A6EF-DB69AE65E0D2}.Debug|Any CPU.ActiveCfg = Debug|Any CPU
		{2B4090CB-BEEA-40CF-A6EF-DB69AE65E0D2}.Debug|Any CPU.Build.0 = Debug|Any CPU
		{2B4090CB-BEEA-40CF-A6EF-DB69AE65E0D2}.Debug|x86.ActiveCfg = Debug|Any CPU
		{2B4090CB-BEEA-40CF-A6EF-DB69AE65E0D2}.Debug|x86.Build.0 = Debug|Any CPU
		{2B4090CB-BEEA-40CF-A6EF-DB69AE65E0D2}.Release|Any CPU.ActiveCfg = Release|Any CPU
		{2B4090CB-BEEA-40CF-A6EF-DB69AE65E0D2}.Release|Any CPU.Build.0 = Release|Any CPU
		{2B4090CB-BEEA-40CF-A6EF-DB69AE65E0D2}.Release|x86.ActiveCfg = Release|Any CPU
		{2B4090CB-BEEA-40CF-A6EF-DB69AE65E0D2}.Release|x86.Build.0 = Release|Any CPU
		{2B4090CB-BEEA-40CF-A6EF-DB69AE65E0D2}.ReleaseNET40_Only|Any CPU.ActiveCfg = Release|Any CPU
		{2B4090CB-BEEA-40CF-A6EF-DB69AE65E0D2}.ReleaseNET40_Only|Any CPU.Build.0 = Release|Any CPU
		{2B4090CB-BEEA-40CF-A6EF-DB69AE65E0D2}.ReleaseNET40_Only|x86.ActiveCfg = Release|Any CPU
		{2B4090CB-BEEA-40CF-A6EF-DB69AE65E0D2}.ReleaseNET40_Only|x86.Build.0 = Release|Any CPU
		{9AFB3F52-D37D-4FBA-AC0D-76D95AE956B0}.Debug|Any CPU.ActiveCfg = Debug|Any CPU
		{9AFB3F52-D37D-4FBA-AC0D-76D95AE956B0}.Debug|Any CPU.Build.0 = Debug|Any CPU
		{9AFB3F52-D37D-4FBA-AC0D-76D95AE956B0}.Debug|x86.ActiveCfg = Debug|Any CPU
		{9AFB3F52-D37D-4FBA-AC0D-76D95AE956B0}.Debug|x86.Build.0 = Debug|Any CPU
		{9AFB3F52-D37D-4FBA-AC0D-76D95AE956B0}.Release|Any CPU.ActiveCfg = Release|Any CPU
		{9AFB3F52-D37D-4FBA-AC0D-76D95AE956B0}.Release|Any CPU.Build.0 = Release|Any CPU
		{9AFB3F52-D37D-4FBA-AC0D-76D95AE956B0}.Release|x86.ActiveCfg = Release|Any CPU
		{9AFB3F52-D37D-4FBA-AC0D-76D95AE956B0}.Release|x86.Build.0 = Release|Any CPU
		{9AFB3F52-D37D-4FBA-AC0D-76D95AE956B0}.ReleaseNET40_Only|Any CPU.ActiveCfg = Release|Any CPU
		{9AFB3F52-D37D-4FBA-AC0D-76D95AE956B0}.ReleaseNET40_Only|Any CPU.Build.0 = Release|Any CPU
		{9AFB3F52-D37D-4FBA-AC0D-76D95AE956B0}.ReleaseNET40_Only|x86.ActiveCfg = Release|Any CPU
		{9AFB3F52-D37D-4FBA-AC0D-76D95AE956B0}.ReleaseNET40_Only|x86.Build.0 = Release|Any CPU
		{94D01EDE-0499-422F-8081-90D94AD163FA}.Debug|Any CPU.ActiveCfg = Debug|Any CPU
		{94D01EDE-0499-422F-8081-90D94AD163FA}.Debug|Any CPU.Build.0 = Debug|Any CPU
		{94D01EDE-0499-422F-8081-90D94AD163FA}.Debug|x86.ActiveCfg = Debug|Any CPU
		{94D01EDE-0499-422F-8081-90D94AD163FA}.Debug|x86.Build.0 = Debug|Any CPU
		{94D01EDE-0499-422F-8081-90D94AD163FA}.Release|Any CPU.ActiveCfg = Release|Any CPU
		{94D01EDE-0499-422F-8081-90D94AD163FA}.Release|Any CPU.Build.0 = Release|Any CPU
		{94D01EDE-0499-422F-8081-90D94AD163FA}.Release|x86.ActiveCfg = Release|Any CPU
		{94D01EDE-0499-422F-8081-90D94AD163FA}.Release|x86.Build.0 = Release|Any CPU
		{94D01EDE-0499-422F-8081-90D94AD163FA}.ReleaseNET40_Only|Any CPU.ActiveCfg = Release|Any CPU
		{94D01EDE-0499-422F-8081-90D94AD163FA}.ReleaseNET40_Only|Any CPU.Build.0 = Release|Any CPU
		{94D01EDE-0499-422F-8081-90D94AD163FA}.ReleaseNET40_Only|x86.ActiveCfg = Release|Any CPU
		{94D01EDE-0499-422F-8081-90D94AD163FA}.ReleaseNET40_Only|x86.Build.0 = Release|Any CPU
		{F46FFA6B-DDD8-478D-99F4-5C1BE499258C}.Debug|Any CPU.ActiveCfg = Debug|Any CPU
		{F46FFA6B-DDD8-478D-99F4-5C1BE499258C}.Debug|Any CPU.Build.0 = Debug|Any CPU
		{F46FFA6B-DDD8-478D-99F4-5C1BE499258C}.Debug|x86.ActiveCfg = Debug|Any CPU
		{F46FFA6B-DDD8-478D-99F4-5C1BE499258C}.Debug|x86.Build.0 = Debug|Any CPU
		{F46FFA6B-DDD8-478D-99F4-5C1BE499258C}.Release|Any CPU.ActiveCfg = Release|Any CPU
		{F46FFA6B-DDD8-478D-99F4-5C1BE499258C}.Release|Any CPU.Build.0 = Release|Any CPU
		{F46FFA6B-DDD8-478D-99F4-5C1BE499258C}.Release|x86.ActiveCfg = Release|Any CPU
		{F46FFA6B-DDD8-478D-99F4-5C1BE499258C}.Release|x86.Build.0 = Release|Any CPU
		{F46FFA6B-DDD8-478D-99F4-5C1BE499258C}.ReleaseNET40_Only|Any CPU.ActiveCfg = Release|Any CPU
		{F46FFA6B-DDD8-478D-99F4-5C1BE499258C}.ReleaseNET40_Only|Any CPU.Build.0 = Release|Any CPU
		{F46FFA6B-DDD8-478D-99F4-5C1BE499258C}.ReleaseNET40_Only|x86.ActiveCfg = Release|Any CPU
		{F46FFA6B-DDD8-478D-99F4-5C1BE499258C}.ReleaseNET40_Only|x86.Build.0 = Release|Any CPU
		{2C54C555-3C8B-4226-8606-8A3716B576BB}.Debug|Any CPU.ActiveCfg = Debug|Any CPU
		{2C54C555-3C8B-4226-8606-8A3716B576BB}.Debug|Any CPU.Build.0 = Debug|Any CPU
		{2C54C555-3C8B-4226-8606-8A3716B576BB}.Debug|x86.ActiveCfg = Debug|Any CPU
		{2C54C555-3C8B-4226-8606-8A3716B576BB}.Debug|x86.Build.0 = Debug|Any CPU
		{2C54C555-3C8B-4226-8606-8A3716B576BB}.Release|Any CPU.ActiveCfg = Release|Any CPU
		{2C54C555-3C8B-4226-8606-8A3716B576BB}.Release|Any CPU.Build.0 = Release|Any CPU
		{2C54C555-3C8B-4226-8606-8A3716B576BB}.Release|x86.ActiveCfg = Release|Any CPU
		{2C54C555-3C8B-4226-8606-8A3716B576BB}.Release|x86.Build.0 = Release|Any CPU
		{2C54C555-3C8B-4226-8606-8A3716B576BB}.ReleaseNET40_Only|Any CPU.ActiveCfg = Release|Any CPU
		{2C54C555-3C8B-4226-8606-8A3716B576BB}.ReleaseNET40_Only|Any CPU.Build.0 = Release|Any CPU
		{2C54C555-3C8B-4226-8606-8A3716B576BB}.ReleaseNET40_Only|x86.ActiveCfg = Release|Any CPU
		{2C54C555-3C8B-4226-8606-8A3716B576BB}.ReleaseNET40_Only|x86.Build.0 = Release|Any CPU
		{4C9B28FE-9C9E-4CA3-9D23-4861BFDDA1E5}.Debug|Any CPU.ActiveCfg = Debug|Any CPU
		{4C9B28FE-9C9E-4CA3-9D23-4861BFDDA1E5}.Debug|Any CPU.Build.0 = Debug|Any CPU
		{4C9B28FE-9C9E-4CA3-9D23-4861BFDDA1E5}.Debug|x86.ActiveCfg = Debug|Any CPU
		{4C9B28FE-9C9E-4CA3-9D23-4861BFDDA1E5}.Debug|x86.Build.0 = Debug|Any CPU
		{4C9B28FE-9C9E-4CA3-9D23-4861BFDDA1E5}.Release|Any CPU.ActiveCfg = Release|Any CPU
		{4C9B28FE-9C9E-4CA3-9D23-4861BFDDA1E5}.Release|Any CPU.Build.0 = Release|Any CPU
		{4C9B28FE-9C9E-4CA3-9D23-4861BFDDA1E5}.Release|x86.ActiveCfg = Release|Any CPU
		{4C9B28FE-9C9E-4CA3-9D23-4861BFDDA1E5}.Release|x86.Build.0 = Release|Any CPU
		{4C9B28FE-9C9E-4CA3-9D23-4861BFDDA1E5}.ReleaseNET40_Only|Any CPU.ActiveCfg = Release|Any CPU
		{4C9B28FE-9C9E-4CA3-9D23-4861BFDDA1E5}.ReleaseNET40_Only|Any CPU.Build.0 = Release|Any CPU
		{4C9B28FE-9C9E-4CA3-9D23-4861BFDDA1E5}.ReleaseNET40_Only|x86.ActiveCfg = Release|Any CPU
		{4C9B28FE-9C9E-4CA3-9D23-4861BFDDA1E5}.ReleaseNET40_Only|x86.Build.0 = Release|Any CPU
		{E9DF5ED1-4CBD-4226-B931-9A51610AC14D}.Debug|Any CPU.ActiveCfg = Debug|Any CPU
		{E9DF5ED1-4CBD-4226-B931-9A51610AC14D}.Debug|Any CPU.Build.0 = Debug|Any CPU
		{E9DF5ED1-4CBD-4226-B931-9A51610AC14D}.Debug|x86.ActiveCfg = Debug|Any CPU
		{E9DF5ED1-4CBD-4226-B931-9A51610AC14D}.Debug|x86.Build.0 = Debug|Any CPU
		{E9DF5ED1-4CBD-4226-B931-9A51610AC14D}.Release|Any CPU.ActiveCfg = Release|Any CPU
		{E9DF5ED1-4CBD-4226-B931-9A51610AC14D}.Release|Any CPU.Build.0 = Release|Any CPU
		{E9DF5ED1-4CBD-4226-B931-9A51610AC14D}.Release|x86.ActiveCfg = Release|Any CPU
		{E9DF5ED1-4CBD-4226-B931-9A51610AC14D}.Release|x86.Build.0 = Release|Any CPU
		{E9DF5ED1-4CBD-4226-B931-9A51610AC14D}.ReleaseNET40_Only|Any CPU.ActiveCfg = ReleaseNET40_Only|Any CPU
		{E9DF5ED1-4CBD-4226-B931-9A51610AC14D}.ReleaseNET40_Only|Any CPU.Build.0 = ReleaseNET40_Only|Any CPU
		{E9DF5ED1-4CBD-4226-B931-9A51610AC14D}.ReleaseNET40_Only|x86.ActiveCfg = ReleaseNET40_Only|Any CPU
		{E9DF5ED1-4CBD-4226-B931-9A51610AC14D}.ReleaseNET40_Only|x86.Build.0 = ReleaseNET40_Only|Any CPU
		{2BD28D80-7992-409F-8AA6-8A921DE4660D}.Debug|Any CPU.ActiveCfg = Debug|Any CPU
		{2BD28D80-7992-409F-8AA6-8A921DE4660D}.Debug|Any CPU.Build.0 = Debug|Any CPU
		{2BD28D80-7992-409F-8AA6-8A921DE4660D}.Debug|x86.ActiveCfg = Debug|Any CPU
		{2BD28D80-7992-409F-8AA6-8A921DE4660D}.Debug|x86.Build.0 = Debug|Any CPU
		{2BD28D80-7992-409F-8AA6-8A921DE4660D}.Release|Any CPU.ActiveCfg = Release|Any CPU
		{2BD28D80-7992-409F-8AA6-8A921DE4660D}.Release|Any CPU.Build.0 = Release|Any CPU
		{2BD28D80-7992-409F-8AA6-8A921DE4660D}.Release|x86.ActiveCfg = Release|Any CPU
		{2BD28D80-7992-409F-8AA6-8A921DE4660D}.Release|x86.Build.0 = Release|Any CPU
		{2BD28D80-7992-409F-8AA6-8A921DE4660D}.ReleaseNET40_Only|Any CPU.ActiveCfg = Release|Any CPU
		{2BD28D80-7992-409F-8AA6-8A921DE4660D}.ReleaseNET40_Only|Any CPU.Build.0 = Release|Any CPU
		{2BD28D80-7992-409F-8AA6-8A921DE4660D}.ReleaseNET40_Only|x86.ActiveCfg = Release|Any CPU
		{2BD28D80-7992-409F-8AA6-8A921DE4660D}.ReleaseNET40_Only|x86.Build.0 = Release|Any CPU
		{C783E6EA-145D-4E5A-81C7-61FAF2D81DF4}.Debug|Any CPU.ActiveCfg = Debug|Any CPU
		{C783E6EA-145D-4E5A-81C7-61FAF2D81DF4}.Debug|Any CPU.Build.0 = Debug|Any CPU
		{C783E6EA-145D-4E5A-81C7-61FAF2D81DF4}.Debug|x86.ActiveCfg = Debug|Any CPU
		{C783E6EA-145D-4E5A-81C7-61FAF2D81DF4}.Debug|x86.Build.0 = Debug|Any CPU
		{C783E6EA-145D-4E5A-81C7-61FAF2D81DF4}.Release|Any CPU.ActiveCfg = Release|Any CPU
		{C783E6EA-145D-4E5A-81C7-61FAF2D81DF4}.Release|Any CPU.Build.0 = Release|Any CPU
		{C783E6EA-145D-4E5A-81C7-61FAF2D81DF4}.Release|x86.ActiveCfg = Release|Any CPU
		{C783E6EA-145D-4E5A-81C7-61FAF2D81DF4}.Release|x86.Build.0 = Release|Any CPU
		{C783E6EA-145D-4E5A-81C7-61FAF2D81DF4}.ReleaseNET40_Only|Any CPU.ActiveCfg = Release|Any CPU
		{C783E6EA-145D-4E5A-81C7-61FAF2D81DF4}.ReleaseNET40_Only|Any CPU.Build.0 = Release|Any CPU
		{C783E6EA-145D-4E5A-81C7-61FAF2D81DF4}.ReleaseNET40_Only|x86.ActiveCfg = Release|Any CPU
		{C783E6EA-145D-4E5A-81C7-61FAF2D81DF4}.ReleaseNET40_Only|x86.Build.0 = Release|Any CPU
		{F8FAF3E4-64BA-4809-BD91-DA113FA24A71}.Debug|Any CPU.ActiveCfg = Debug|Any CPU
		{F8FAF3E4-64BA-4809-BD91-DA113FA24A71}.Debug|Any CPU.Build.0 = Debug|Any CPU
		{F8FAF3E4-64BA-4809-BD91-DA113FA24A71}.Debug|x86.ActiveCfg = Debug|Any CPU
		{F8FAF3E4-64BA-4809-BD91-DA113FA24A71}.Debug|x86.Build.0 = Debug|Any CPU
		{F8FAF3E4-64BA-4809-BD91-DA113FA24A71}.Release|Any CPU.ActiveCfg = Release|Any CPU
		{F8FAF3E4-64BA-4809-BD91-DA113FA24A71}.Release|Any CPU.Build.0 = Release|Any CPU
		{F8FAF3E4-64BA-4809-BD91-DA113FA24A71}.Release|x86.ActiveCfg = Release|Any CPU
		{F8FAF3E4-64BA-4809-BD91-DA113FA24A71}.Release|x86.Build.0 = Release|Any CPU
		{F8FAF3E4-64BA-4809-BD91-DA113FA24A71}.ReleaseNET40_Only|Any CPU.ActiveCfg = Release|Any CPU
		{F8FAF3E4-64BA-4809-BD91-DA113FA24A71}.ReleaseNET40_Only|Any CPU.Build.0 = Release|Any CPU
		{F8FAF3E4-64BA-4809-BD91-DA113FA24A71}.ReleaseNET40_Only|x86.ActiveCfg = Release|Any CPU
		{F8FAF3E4-64BA-4809-BD91-DA113FA24A71}.ReleaseNET40_Only|x86.Build.0 = Release|Any CPU
		{7071639F-3F55-467D-A070-125C2032DCBE}.Debug|Any CPU.ActiveCfg = Debug|Any CPU
		{7071639F-3F55-467D-A070-125C2032DCBE}.Debug|Any CPU.Build.0 = Debug|Any CPU
		{7071639F-3F55-467D-A070-125C2032DCBE}.Debug|x86.ActiveCfg = Debug|Any CPU
		{7071639F-3F55-467D-A070-125C2032DCBE}.Debug|x86.Build.0 = Debug|Any CPU
		{7071639F-3F55-467D-A070-125C2032DCBE}.Release|Any CPU.ActiveCfg = Release|Any CPU
		{7071639F-3F55-467D-A070-125C2032DCBE}.Release|Any CPU.Build.0 = Release|Any CPU
		{7071639F-3F55-467D-A070-125C2032DCBE}.Release|x86.ActiveCfg = Release|Any CPU
		{7071639F-3F55-467D-A070-125C2032DCBE}.Release|x86.Build.0 = Release|Any CPU
		{7071639F-3F55-467D-A070-125C2032DCBE}.ReleaseNET40_Only|Any CPU.ActiveCfg = Release|Any CPU
		{7071639F-3F55-467D-A070-125C2032DCBE}.ReleaseNET40_Only|Any CPU.Build.0 = Release|Any CPU
		{7071639F-3F55-467D-A070-125C2032DCBE}.ReleaseNET40_Only|x86.ActiveCfg = Release|Any CPU
		{7071639F-3F55-467D-A070-125C2032DCBE}.ReleaseNET40_Only|x86.Build.0 = Release|Any CPU
	EndGlobalSection
	GlobalSection(SolutionProperties) = preSolution
		HideSolutionNode = FALSE
	EndGlobalSection
	GlobalSection(NestedProjects) = preSolution
		{8CF48690-E585-4444-9D22-4375D839CF36} = {E4C3D1FA-86FF-4110-A9D4-EF3410739FD3}
		{2B4090CB-BEEA-40CF-A6EF-DB69AE65E0D2} = {E4C3D1FA-86FF-4110-A9D4-EF3410739FD3}
		{9AFB3F52-D37D-4FBA-AC0D-76D95AE956B0} = {E4C3D1FA-86FF-4110-A9D4-EF3410739FD3}
		{94D01EDE-0499-422F-8081-90D94AD163FA} = {A2CBFDE7-2CFE-4FCE-963C-6910580D566B}
		{F46FFA6B-DDD8-478D-99F4-5C1BE499258C} = {A2CBFDE7-2CFE-4FCE-963C-6910580D566B}
		{2C54C555-3C8B-4226-8606-8A3716B576BB} = {A2CBFDE7-2CFE-4FCE-963C-6910580D566B}
		{4C9B28FE-9C9E-4CA3-9D23-4861BFDDA1E5} = {A2CBFDE7-2CFE-4FCE-963C-6910580D566B}
		{E9DF5ED1-4CBD-4226-B931-9A51610AC14D} = {35295A50-1EB2-4C32-9C1A-7321B04DBDEE}
		{2BD28D80-7992-409F-8AA6-8A921DE4660D} = {35295A50-1EB2-4C32-9C1A-7321B04DBDEE}
		{C783E6EA-145D-4E5A-81C7-61FAF2D81DF4} = {E4C3D1FA-86FF-4110-A9D4-EF3410739FD3}
		{7071639F-3F55-467D-A070-125C2032DCBE} = {DE93C55D-ADAF-41D1-9654-60232B9F0070}
	EndGlobalSection
EndGlobal
